// !$*UTF8*$!
{
	archiveVersion = 1;
	classes = {
	};
	objectVersion = 46;
	objects = {

/* Begin PBXBuildFile section */
		1980261C67CD0EF587BE9E1C /* SessionStore.swift in Sources */ = {isa = PBXBuildFile; fileRef = 235282EFFA74F6CC2AD30592 /* SessionStore.swift */; };
		22947C59533E31A263586EDC /* Foundation.framework in Frameworks */ = {isa = PBXBuildFile; fileRef = BF5F57A1C1FFBE9EA2848414 /* Foundation.framework */; };
		36157D55A6839C941C6772E9 /* config.yaml in Resources */ = {isa = PBXBuildFile; fileRef = 3CFF6F4117C5B6FEEC0027AB /* config.yaml */; };
		38965DBDB6F80FA872F9C8A7 /* FastCatTVApp.swift in Sources */ = {isa = PBXBuildFile; fileRef = 02E59CC7BD04F23270C18B57 /* FastCatTVApp.swift */; };
		3C860D4DD146F264B6B0D15E /* GatewayClient.swift in Sources */ = {isa = PBXBuildFile; fileRef = 9DC2B5E4F650D43021BBDDB9 /* GatewayClient.swift */; };
		3EB7713EEBC1FBBCADF7E5CD /* TVLoginView.swift in Sources */ = {isa = PBXBuildFile; fileRef = A213CAE0C7A98B26926E4594 /* TVLoginView.swift */; };
		572A7AA2E4D23993A10DBFEC /* TVDesignSystem.swift in Sources */ = {isa = PBXBuildFile; fileRef = 069C3BDA53447148DEA2BC0B /* TVDesignSystem.swift */; };
		61E43E29C8395B3DC9E1FE37 /* PacketTunnel.appex in Embed App Extensions */ = {isa = PBXBuildFile; fileRef = 521D1BB87D4B2DA8A915C01C /* PacketTunnel.appex */; settings = {ATTRIBUTES = (RemoveHeadersOnCopy, CodeSignOnCopy, ); }; };
		75EF983F61D365BEAB046075 /* libclash.xcframework in Frameworks */ = {isa = PBXBuildFile; fileRef = 4AB2AA2C57DB2F4360A83E80 /* libclash.xcframework */; };
		7932314282CA54CF71D61640 /* VPNManager.swift in Sources */ = {isa = PBXBuildFile; fileRef = 744C819312DEAD6ABE683FE4 /* VPNManager.swift */; };
		7D4B5BE76BC64665CC89E18C /* TVHomeView.swift in Sources */ = {isa = PBXBuildFile; fileRef = DDF7D046DFF0F6F024836B60 /* TVHomeView.swift */; };
		8DA063D9740C00D219C871DC /* PacketTunnelProvider.swift in Sources */ = {isa = PBXBuildFile; fileRef = 076A9942410D14797CC22782 /* PacketTunnelProvider.swift */; };
		8ECD8B2B20263D2B79575D0D /* Foundation.framework in Frameworks */ = {isa = PBXBuildFile; fileRef = BF5F57A1C1FFBE9EA2848414 /* Foundation.framework */; };
		AE78D2F2561CC3AF624B32BE /* KeychainStore.swift in Sources */ = {isa = PBXBuildFile; fileRef = FAEDAB68AF3C98E432546740 /* KeychainStore.swift */; };
		B72366B93B57797C2B8B4B5A /* TVRemoteConfigManager.swift in Sources */ = {isa = PBXBuildFile; fileRef = 63DC1A48832E864DB51F0B1C /* TVRemoteConfigManager.swift */; };
		BCC8777221FE91CF53F017FD /* TVNodeSelection.swift in Sources */ = {isa = PBXBuildFile; fileRef = 36E2C091F36800185A77BD32 /* TVNodeSelection.swift */; };
		C797C06A828F4D15AE518929 /* FastCatSubscriptionDecoder.swift in Sources */ = {isa = PBXBuildFile; fileRef = A8102D5581CC18EC67392F3A /* FastCatSubscriptionDecoder.swift */; };
		ED2B83A8BE9DAE4DE30EF315 /* TVBuildConfiguration.swift in Sources */ = {isa = PBXBuildFile; fileRef = B3908F4E65437BFCCFF61F81 /* TVBuildConfiguration.swift */; };
/* End PBXBuildFile section */

/* Begin PBXContainerItemProxy section */
		ADB5C86680EBEE039F0AE005 /* PBXContainerItemProxy */ = {
			isa = PBXContainerItemProxy;
			containerPortal = 304972B0B5657C1AE691ABC8 /* Project object */;
			proxyType = 1;
			remoteGlobalIDString = DE4EF8CEF27F025CE9C315E8;
			remoteInfo = PacketTunnel;
		};
/* End PBXContainerItemProxy section */

/* Begin PBXCopyFilesBuildPhase section */
		0A2C3178D26EABBD879BD252 /* Embed App Extensions */ = {
			isa = PBXCopyFilesBuildPhase;
			buildActionMask = 2147483647;
			dstPath = "";
			dstSubfolderSpec = 13;
			files = (
				61E43E29C8395B3DC9E1FE37 /* PacketTunnel.appex in Embed App Extensions */,
			);
			name = "Embed App Extensions";
			runOnlyForDeploymentPostprocessing = 0;
		};
/* End PBXCopyFilesBuildPhase section */

/* Begin PBXFileReference section */
		02E59CC7BD04F23270C18B57 /* FastCatTVApp.swift */ = {isa = PBXFileReference; includeInIndex = 1; lastKnownFileType = sourcecode.swift; path = FastCatTVApp.swift; sourceTree = "<group>"; };
		069C3BDA53447148DEA2BC0B /* TVDesignSystem.swift */ = {isa = PBXFileReference; includeInIndex = 1; lastKnownFileType = sourcecode.swift; path = TVDesignSystem.swift; sourceTree = "<group>"; };
		076A9942410D14797CC22782 /* PacketTunnelProvider.swift */ = {isa = PBXFileReference; includeInIndex = 1; lastKnownFileType = sourcecode.swift; path = PacketTunnelProvider.swift; sourceTree = "<group>"; };
		20251F31BC7E555732762529 /* Info.plist */ = {isa = PBXFileReference; includeInIndex = 1; lastKnownFileType = text.plist.xml; path = Info.plist; sourceTree = "<group>"; };
		235282EFFA74F6CC2AD30592 /* SessionStore.swift */ = {isa = PBXFileReference; includeInIndex = 1; lastKnownFileType = sourcecode.swift; path = SessionStore.swift; sourceTree = "<group>"; };
		36E2C091F36800185A77BD32 /* TVNodeSelection.swift */ = {isa = PBXFileReference; includeInIndex = 1; lastKnownFileType = sourcecode.swift; path = TVNodeSelection.swift; sourceTree = "<group>"; };
		3CFF6F4117C5B6FEEC0027AB /* config.yaml */ = {isa = PBXFileReference; includeInIndex = 1; name = config.yaml; path = ../assets/config/config.yaml; sourceTree = "<group>"; };
		4AB2AA2C57DB2F4360A83E80 /* libclash.xcframework */ = {isa = PBXFileReference; includeInIndex = 1; path = libclash.xcframework; sourceTree = "<group>"; };
		4BC653682D22326390BFAA85 /* Info.plist */ = {isa = PBXFileReference; includeInIndex = 1; lastKnownFileType = text.plist.xml; path = Info.plist; sourceTree = "<group>"; };
		521D1BB87D4B2DA8A915C01C /* PacketTunnel.appex */ = {isa = PBXFileReference; explicitFileType = "wrapper.app-extension"; includeInIndex = 0; name = PacketTunnel.appex; path = PacketTunnel.appex; sourceTree = BUILT_PRODUCTS_DIR; };
		63DC1A48832E864DB51F0B1C /* TVRemoteConfigManager.swift */ = {isa = PBXFileReference; includeInIndex = 1; lastKnownFileType = sourcecode.swift; path = TVRemoteConfigManager.swift; sourceTree = "<group>"; };
		744C819312DEAD6ABE683FE4 /* VPNManager.swift */ = {isa = PBXFileReference; includeInIndex = 1; lastKnownFileType = sourcecode.swift; path = VPNManager.swift; sourceTree = "<group>"; };
		7DA0A7322C8817F0FABA590B /* FastCatTV.app */ = {isa = PBXFileReference; explicitFileType = wrapper.application; includeInIndex = 0; path = FastCatTV.app; sourceTree = BUILT_PRODUCTS_DIR; };
		93EE0E7FBCC502DE8B5BCEF8 /* Config.xcconfig */ = {isa = PBXFileReference; includeInIndex = 1; lastKnownFileType = text.xcconfig; path = Config.xcconfig; sourceTree = "<group>"; };
		9DC2B5E4F650D43021BBDDB9 /* GatewayClient.swift */ = {isa = PBXFileReference; includeInIndex = 1; lastKnownFileType = sourcecode.swift; path = GatewayClient.swift; sourceTree = "<group>"; };
		9F8EC9FF50AD0856880F3849 /* FastCatTV.entitlements */ = {isa = PBXFileReference; includeInIndex = 1; lastKnownFileType = text.plist.entitlements; path = FastCatTV.entitlements; sourceTree = "<group>"; };
		A213CAE0C7A98B26926E4594 /* TVLoginView.swift */ = {isa = PBXFileReference; includeInIndex = 1; lastKnownFileType = sourcecode.swift; path = TVLoginView.swift; sourceTree = "<group>"; };
		A8102D5581CC18EC67392F3A /* FastCatSubscriptionDecoder.swift */ = {isa = PBXFileReference; includeInIndex = 1; lastKnownFileType = sourcecode.swift; path = FastCatSubscriptionDecoder.swift; sourceTree = "<group>"; };
		B3908F4E65437BFCCFF61F81 /* TVBuildConfiguration.swift */ = {isa = PBXFileReference; includeInIndex = 1; lastKnownFileType = sourcecode.swift; path = TVBuildConfiguration.swift; sourceTree = "<group>"; };
		BF5F57A1C1FFBE9EA2848414 /* Foundation.framework */ = {isa = PBXFileReference; lastKnownFileType = wrapper.framework; name = Foundation.framework; path = Platforms/AppleTVOS.platform/Developer/SDKs/AppleTVOS18.0.sdk/System/Library/Frameworks/Foundation.framework; sourceTree = DEVELOPER_DIR; };
		CB2957ADE274D019FCBE5C37 /* PacketTunnel.entitlements */ = {isa = PBXFileReference; includeInIndex = 1; lastKnownFileType = text.plist.entitlements; path = PacketTunnel.entitlements; sourceTree = "<group>"; };
		DDF7D046DFF0F6F024836B60 /* TVHomeView.swift */ = {isa = PBXFileReference; includeInIndex = 1; lastKnownFileType = sourcecode.swift; path = TVHomeView.swift; sourceTree = "<group>"; };
		FAEDAB68AF3C98E432546740 /* KeychainStore.swift */ = {isa = PBXFileReference; includeInIndex = 1; lastKnownFileType = sourcecode.swift; path = KeychainStore.swift; sourceTree = "<group>"; };
		FF04C90CC52144C51F6B7FB2 /* PacketTunnel-Bridging-Header.h */ = {isa = PBXFileReference; includeInIndex = 1; lastKnownFileType = sourcecode.c.h; path = "PacketTunnel-Bridging-Header.h"; sourceTree = "<group>"; };
/* End PBXFileReference section */

/* Begin PBXFrameworksBuildPhase section */
		5ABCC881A1EC915C734F3238 /* Frameworks */ = {
			isa = PBXFrameworksBuildPhase;
			buildActionMask = 2147483647;
			files = (
				8ECD8B2B20263D2B79575D0D /* Foundation.framework in Frameworks */,
			);
			runOnlyForDeploymentPostprocessing = 0;
		};
		74C0F8E3EE2CFA2644479A13 /* Frameworks */ = {
			isa = PBXFrameworksBuildPhase;
			buildActionMask = 2147483647;
			files = (
				22947C59533E31A263586EDC /* Foundation.framework in Frameworks */,
				75EF983F61D365BEAB046075 /* libclash.xcframework in Frameworks */,
			);
			runOnlyForDeploymentPostprocessing = 0;
		};
/* End PBXFrameworksBuildPhase section */

/* Begin PBXGroup section */
		2418147BD1C95CE04A947066 /* tvOS */ = {
			isa = PBXGroup;
			children = (
				BF5F57A1C1FFBE9EA2848414 /* Foundation.framework */,
			);
			name = tvOS;
			sourceTree = "<group>";
		};
		30C526E06E1170A1174D5668 /* FastCatTV */ = {
			isa = PBXGroup;
			children = (
				02E59CC7BD04F23270C18B57 /* FastCatTVApp.swift */,
				235282EFFA74F6CC2AD30592 /* SessionStore.swift */,
				FAEDAB68AF3C98E432546740 /* KeychainStore.swift */,
				B3908F4E65437BFCCFF61F81 /* TVBuildConfiguration.swift */,
				63DC1A48832E864DB51F0B1C /* TVRemoteConfigManager.swift */,
				A8102D5581CC18EC67392F3A /* FastCatSubscriptionDecoder.swift */,
				069C3BDA53447148DEA2BC0B /* TVDesignSystem.swift */,
				36E2C091F36800185A77BD32 /* TVNodeSelection.swift */,
				9DC2B5E4F650D43021BBDDB9 /* GatewayClient.swift */,
				A213CAE0C7A98B26926E4594 /* TVLoginView.swift */,
				DDF7D046DFF0F6F024836B60 /* TVHomeView.swift */,
				744C819312DEAD6ABE683FE4 /* VPNManager.swift */,
				4BC653682D22326390BFAA85 /* Info.plist */,
				9F8EC9FF50AD0856880F3849 /* FastCatTV.entitlements */,
			);
			name = FastCatTV;
			path = FastCatTV;
			sourceTree = "<group>";
		};
		4E085F650E274F609FD3E8D9 /* PacketTunnel */ = {
			isa = PBXGroup;
			children = (
				076A9942410D14797CC22782 /* PacketTunnelProvider.swift */,
				FF04C90CC52144C51F6B7FB2 /* PacketTunnel-Bridging-Header.h */,
				20251F31BC7E555732762529 /* Info.plist */,
				CB2957ADE274D019FCBE5C37 /* PacketTunnel.entitlements */,
			);
			name = PacketTunnel;
			path = PacketTunnel;
			sourceTree = "<group>";
		};
		4EBFBBB41C3AC4C863EBADAF /* Frameworks */ = {
			isa = PBXGroup;
			children = (
				4AB2AA2C57DB2F4360A83E80 /* libclash.xcframework */,
			);
			name = Frameworks;
			path = Frameworks;
			sourceTree = "<group>";
		};
		965B2DF2721408F92FD4C221 = {
			isa = PBXGroup;
			children = (
				A7B40E14ED1587BD2F04616B /* Products */,
				ABD540312A00B0E039B460E9 /* Frameworks */,
				30C526E06E1170A1174D5668 /* FastCatTV */,
				4E085F650E274F609FD3E8D9 /* PacketTunnel */,
				4EBFBBB41C3AC4C863EBADAF /* Frameworks */,
				3CFF6F4117C5B6FEEC0027AB /* config.yaml */,
				93EE0E7FBCC502DE8B5BCEF8 /* Config.xcconfig */,
			);
			sourceTree = "<group>";
		};
		A7B40E14ED1587BD2F04616B /* Products */ = {
			isa = PBXGroup;
			children = (
				7DA0A7322C8817F0FABA590B /* FastCatTV.app */,
				521D1BB87D4B2DA8A915C01C /* PacketTunnel.appex */,
			);
			name = Products;
			sourceTree = "<group>";
		};
		ABD540312A00B0E039B460E9 /* Frameworks */ = {
			isa = PBXGroup;
			children = (
				2418147BD1C95CE04A947066 /* tvOS */,
			);
			name = Frameworks;
			sourceTree = "<group>";
		};
/* End PBXGroup section */

/* Begin PBXNativeTarget section */
		D14EF01BF4F8776835FA1FCD /* FastCatTV */ = {
			isa = PBXNativeTarget;
			buildConfigurationList = E1F46CF3CFB8EBDFDA2F4EC9 /* Build configuration list for PBXNativeTarget "FastCatTV" */;
			buildPhases = (
				558F5FAE79DC10164ADFBAA8 /* Sources */,
				5ABCC881A1EC915C734F3238 /* Frameworks */,
				5E9DE5667CEE80FC721C69B7 /* Resources */,
				0A2C3178D26EABBD879BD252 /* Embed App Extensions */,
			);
			buildRules = (
			);
			dependencies = (
				A35E16B40B36B44FDA172955 /* PBXTargetDependency */,
			);
			name = FastCatTV;
			productName = FastCatTV;
			productReference = 7DA0A7322C8817F0FABA590B /* FastCatTV.app */;
			productType = "com.apple.product-type.application";
		};
		DE4EF8CEF27F025CE9C315E8 /* PacketTunnel */ = {
			isa = PBXNativeTarget;
			buildConfigurationList = 262B714616D5AD43E7C96EFB /* Build configuration list for PBXNativeTarget "PacketTunnel" */;
			buildPhases = (
				A951F93FDB0E1CB30D79D9B5 /* Sources */,
				74C0F8E3EE2CFA2644479A13 /* Frameworks */,
				018672966B7DECA0CFC671BC /* Resources */,
			);
			buildRules = (
			);
			dependencies = (
			);
			name = PacketTunnel;
			productName = PacketTunnel;
			productReference = 521D1BB87D4B2DA8A915C01C /* PacketTunnel.appex */;
			productType = "com.apple.product-type.app-extension";
		};
/* End PBXNativeTarget section */

/* Begin PBXProject section */
		304972B0B5657C1AE691ABC8 /* Project object */ = {
			isa = PBXProject;
			attributes = {
				LastSwiftUpdateCheck = 1600;
				LastUpgradeCheck = 1600;
			};
			buildConfigurationList = 01BE6B370A437FC98D91FB5E /* Build configuration list for PBXProject "FastCatTV" */;
			compatibilityVersion = "Xcode 3.2";
			developmentRegion = en;
			hasScannedForEncodings = 0;
			knownRegions = (
				en,
				Base,
			);
			mainGroup = 965B2DF2721408F92FD4C221;
			minimizedProjectReferenceProxies = 0;
			preferredProjectObjectVersion = 77;
			productRefGroup = A7B40E14ED1587BD2F04616B /* Products */;
			projectDirPath = "";
			projectRoot = "";
			targets = (
				D14EF01BF4F8776835FA1FCD /* FastCatTV */,
				DE4EF8CEF27F025CE9C315E8 /* PacketTunnel */,
			);
		};
/* End PBXProject section */

/* Begin PBXResourcesBuildPhase section */
		018672966B7DECA0CFC671BC /* Resources */ = {
			isa = PBXResourcesBuildPhase;
			buildActionMask = 2147483647;
			files = (
			);
			runOnlyForDeploymentPostprocessing = 0;
		};
		5E9DE5667CEE80FC721C69B7 /* Resources */ = {
			isa = PBXResourcesBuildPhase;
			buildActionMask = 2147483647;
			files = (
				36157D55A6839C941C6772E9 /* config.yaml in Resources */,
			);
			runOnlyForDeploymentPostprocessing = 0;
		};
/* End PBXResourcesBuildPhase section */

/* Begin PBXSourcesBuildPhase section */
		558F5FAE79DC10164ADFBAA8 /* Sources */ = {
			isa = PBXSourcesBuildPhase;
			buildActionMask = 2147483647;
			files = (
				38965DBDB6F80FA872F9C8A7 /* FastCatTVApp.swift in Sources */,
				1980261C67CD0EF587BE9E1C /* SessionStore.swift in Sources */,
				AE78D2F2561CC3AF624B32BE /* KeychainStore.swift in Sources */,
				ED2B83A8BE9DAE4DE30EF315 /* TVBuildConfiguration.swift in Sources */,
				B72366B93B57797C2B8B4B5A /* TVRemoteConfigManager.swift in Sources */,
				C797C06A828F4D15AE518929 /* FastCatSubscriptionDecoder.swift in Sources */,
				572A7AA2E4D23993A10DBFEC /* TVDesignSystem.swift in Sources */,
				BCC8777221FE91CF53F017FD /* TVNodeSelection.swift in Sources */,
				3C860D4DD146F264B6B0D15E /* GatewayClient.swift in Sources */,
				3EB7713EEBC1FBBCADF7E5CD /* TVLoginView.swift in Sources */,
				7D4B5BE76BC64665CC89E18C /* TVHomeView.swift in Sources */,
				7932314282CA54CF71D61640 /* VPNManager.swift in Sources */,
			);
			runOnlyForDeploymentPostprocessing = 0;
		};
		A951F93FDB0E1CB30D79D9B5 /* Sources */ = {
			isa = PBXSourcesBuildPhase;
			buildActionMask = 2147483647;
			files = (
				8DA063D9740C00D219C871DC /* PacketTunnelProvider.swift in Sources */,
			);
			runOnlyForDeploymentPostprocessing = 0;
		};
/* End PBXSourcesBuildPhase section */

/* Begin PBXTargetDependency section */
		A35E16B40B36B44FDA172955 /* PBXTargetDependency */ = {
			isa = PBXTargetDependency;
			name = PacketTunnel;
			target = DE4EF8CEF27F025CE9C315E8 /* PacketTunnel */;
			targetProxy = ADB5C86680EBEE039F0AE005 /* PBXContainerItemProxy */;
		};
/* End PBXTargetDependency section */

/* Begin XCBuildConfiguration section */
		08D080066278BE6921ECD614 /* Debug */ = {
			isa = XCBuildConfiguration;
			buildSettings = {
				ASSETCATALOG_COMPILER_APPICON_NAME = AppIcon;
				ASSETCATALOG_COMPILER_GLOBAL_ACCENT_COLOR_NAME = AccentColor;
				CODE_SIGN_ENTITLEMENTS = FastCatTV/FastCatTV.entitlements;
				CODE_SIGN_STYLE = Automatic;
				CURRENT_PROJECT_VERSION = 1;
				"EXCLUDED_EXPLICIT_TARGET_DEPENDENCIES[sdk=appletvsimulator*]" = PacketTunnel;
				"EXCLUDED_SOURCE_FILE_NAMES[sdk=appletvsimulator*]" = PacketTunnel.appex;
				INFOPLIST_FILE = FastCatTV/Info.plist;
				LD_RUNPATH_SEARCH_PATHS = "$(inherited) @executable_path/Frameworks";
				MARKETING_VERSION = 3.6.0;
				PRODUCT_BUNDLE_IDENTIFIER = "$(FASTCAT_TV_BUNDLE_IDENTIFIER)";
				PRODUCT_NAME = FastCat;
				SDKROOT = appletvos;
				SWIFT_VERSION = 5.0;
				TARGETED_DEVICE_FAMILY = 3;
				TVOS_DEPLOYMENT_TARGET = 17.0;
			};
			name = Debug;
		};
		1C11B2259510B752A7BA8713 /* Release */ = {
			isa = XCBuildConfiguration;
			baseConfigurationReference = 93EE0E7FBCC502DE8B5BCEF8 /* Config.xcconfig */;
			buildSettings = {
				ALWAYS_SEARCH_USER_PATHS = NO;
				CLANG_ANALYZER_NONNULL = YES;
				CLANG_ANALYZER_NUMBER_OBJECT_CONVERSION = YES_AGGRESSIVE;
				CLANG_CXX_LANGUAGE_STANDARD = "gnu++14";
				CLANG_CXX_LIBRARY = "libc++";
				CLANG_ENABLE_MODULES = YES;
				CLANG_ENABLE_OBJC_ARC = YES;
				CLANG_ENABLE_OBJC_WEAK = YES;
				CLANG_WARN_BLOCK_CAPTURE_AUTORELEASING = YES;
				CLANG_WARN_BOOL_CONVERSION = YES;
				CLANG_WARN_COMMA = YES;
				CLANG_WARN_CONSTANT_CONVERSION = YES;
				CLANG_WARN_DEPRECATED_OBJC_IMPLEMENTATIONS = YES;
				CLANG_WARN_DIRECT_OBJC_ISA_USAGE = YES_ERROR;
				CLANG_WARN_DOCUMENTATION_COMMENTS = YES;
				CLANG_WARN_EMPTY_BODY = YES;
				CLANG_WARN_ENUM_CONVERSION = YES;
				CLANG_WARN_INFINITE_RECURSION = YES;
				CLANG_WARN_INT_CONVERSION = YES;
				CLANG_WARN_NON_LITERAL_NULL_CONVERSION = YES;
				CLANG_WARN_OBJC_IMPLICIT_RETAIN_SELF = YES;
				CLANG_WARN_OBJC_LITERAL_CONVERSION = YES;
				CLANG_WARN_OBJC_ROOT_CLASS = YES_ERROR;
				CLANG_WARN_QUOTED_INCLUDE_IN_FRAMEWORK_HEADER = YES;
				CLANG_WARN_RANGE_LOOP_ANALYSIS = YES;
				CLANG_WARN_STRICT_PROTOTYPES = YES;
				CLANG_WARN_SUSPICIOUS_MOVE = YES;
				CLANG_WARN_UNGUARDED_AVAILABILITY = YES_AGGRESSIVE;
				CLANG_WARN_UNREACHABLE_CODE = YES;
				CLANG_WARN__DUPLICATE_METHOD_MATCH = YES;
				COPY_PHASE_STRIP = NO;
				DEBUG_INFORMATION_FORMAT = "dwarf-with-dsym";
				ENABLE_NS_ASSERTIONS = NO;
				ENABLE_STRICT_OBJC_MSGSEND = YES;
				GCC_C_LANGUAGE_STANDARD = gnu11;
				GCC_NO_COMMON_BLOCKS = YES;
				GCC_WARN_64_TO_32_BIT_CONVERSION = YES;
				GCC_WARN_ABOUT_RETURN_TYPE = YES_ERROR;
				GCC_WARN_UNDECLARED_SELECTOR = YES;
				GCC_WARN_UNINITIALIZED_AUTOS = YES_AGGRESSIVE;
				GCC_WARN_UNUSED_FUNCTION = YES;
				GCC_WARN_UNUSED_VARIABLE = YES;
				MTL_ENABLE_DEBUG_INFO = NO;
				MTL_FAST_MATH = YES;
				PRODUCT_NAME = "$(TARGET_NAME)";
				SWIFT_COMPILATION_MODE = wholemodule;
				SWIFT_OPTIMIZATION_LEVEL = "-O";
				SWIFT_VERSION = 5.0;
			};
			name = Release;
		};
		44629103F8DCAF69839F9CA4 /* Release */ = {
			isa = XCBuildConfiguration;
			buildSettings = {
				ASSETCATALOG_COMPILER_APPICON_NAME = AppIcon;
				ASSETCATALOG_COMPILER_GLOBAL_ACCENT_COLOR_NAME = AccentColor;
				CODE_SIGN_ENTITLEMENTS = FastCatTV/FastCatTV.entitlements;
				CODE_SIGN_STYLE = Automatic;
				CURRENT_PROJECT_VERSION = 1;
				INFOPLIST_FILE = FastCatTV/Info.plist;
				LD_RUNPATH_SEARCH_PATHS = "$(inherited) @executable_path/Frameworks";
				MARKETING_VERSION = 3.6.0;
				PRODUCT_BUNDLE_IDENTIFIER = "$(FASTCAT_TV_BUNDLE_IDENTIFIER)";
				PRODUCT_NAME = FastCat;
				SDKROOT = appletvos;
				SWIFT_VERSION = 5.0;
				TARGETED_DEVICE_FAMILY = 3;
				TVOS_DEPLOYMENT_TARGET = 17.0;
				VALIDATE_PRODUCT = YES;
			};
			name = Release;
		};
		486C06C85AB1FCDC671853DA /* Release */ = {
			isa = XCBuildConfiguration;
			buildSettings = {
				ASSETCATALOG_COMPILER_APPICON_NAME = AppIcon;
				CODE_SIGN_ENTITLEMENTS = PacketTunnel/PacketTunnel.entitlements;
				CODE_SIGN_STYLE = Automatic;
				CURRENT_PROJECT_VERSION = 1;
				FRAMEWORK_SEARCH_PATHS = (
					"$(inherited)",
					"$(PROJECT_DIR)/Frameworks",
				);
				INFOPLIST_FILE = PacketTunnel/Info.plist;
				LD_RUNPATH_SEARCH_PATHS = "$(inherited) @executable_path/Frameworks @executable_path/../../Frameworks";
				MARKETING_VERSION = 3.6.0;
				OTHER_LDFLAGS = (
					"$(inherited)",
					"-lclash",
					"-lresolv",
				);
				PRODUCT_BUNDLE_IDENTIFIER = "$(FASTCAT_TV_BUNDLE_IDENTIFIER).PacketTunnel";
				PRODUCT_NAME = PacketTunnel;
				SDKROOT = appletvos;
				SKIP_INSTALL = YES;
				SWIFT_OBJC_BRIDGING_HEADER = "PacketTunnel/PacketTunnel-Bridging-Header.h";
				SWIFT_VERSION = 5.0;
				TARGETED_DEVICE_FAMILY = 3;
				TVOS_DEPLOYMENT_TARGET = 17.0;
				VALIDATE_PRODUCT = YES;
			};
			name = Release;
		};
		6FC1028F92FA89481242B433 /* Debug */ = {
			isa = XCBuildConfiguration;
			buildSettings = {
				ASSETCATALOG_COMPILER_APPICON_NAME = AppIcon;
				CODE_SIGN_ENTITLEMENTS = PacketTunnel/PacketTunnel.entitlements;
				CODE_SIGN_STYLE = Automatic;
				CURRENT_PROJECT_VERSION = 1;
				FRAMEWORK_SEARCH_PATHS = (
					"$(inherited)",
					"$(PROJECT_DIR)/Frameworks",
				);
				INFOPLIST_FILE = PacketTunnel/Info.plist;
				LD_RUNPATH_SEARCH_PATHS = "$(inherited) @executable_path/Frameworks @executable_path/../../Frameworks";
				MARKETING_VERSION = 3.6.0;
				OTHER_LDFLAGS = (
					"$(inherited)",
					"-lclash",
					"-lresolv",
				);
				PRODUCT_BUNDLE_IDENTIFIER = "$(FASTCAT_TV_BUNDLE_IDENTIFIER).PacketTunnel";
				PRODUCT_NAME = PacketTunnel;
				SDKROOT = appletvos;
				SKIP_INSTALL = YES;
				SWIFT_OBJC_BRIDGING_HEADER = "PacketTunnel/PacketTunnel-Bridging-Header.h";
				SWIFT_VERSION = 5.0;
				TARGETED_DEVICE_FAMILY = 3;
				TVOS_DEPLOYMENT_TARGET = 17.0;
			};
			name = Debug;
		};
		C4AF48734434BA615AEEEA4F /* Debug */ = {
			isa = XCBuildConfiguration;
			baseConfigurationReference = 93EE0E7FBCC502DE8B5BCEF8 /* Config.xcconfig */;
			buildSettings = {
				ALWAYS_SEARCH_USER_PATHS = NO;
				CLANG_ANALYZER_NONNULL = YES;
				CLANG_ANALYZER_NUMBER_OBJECT_CONVERSION = YES_AGGRESSIVE;
				CLANG_CXX_LANGUAGE_STANDARD = "gnu++14";
				CLANG_CXX_LIBRARY = "libc++";
				CLANG_ENABLE_MODULES = YES;
				CLANG_ENABLE_OBJC_ARC = YES;
				CLANG_ENABLE_OBJC_WEAK = YES;
				CLANG_WARN_BLOCK_CAPTURE_AUTORELEASING = YES;
				CLANG_WARN_BOOL_CONVERSION = YES;
				CLANG_WARN_COMMA = YES;
				CLANG_WARN_CONSTANT_CONVERSION = YES;
				CLANG_WARN_DEPRECATED_OBJC_IMPLEMENTATIONS = YES;
				CLANG_WARN_DIRECT_OBJC_ISA_USAGE = YES_ERROR;
				CLANG_WARN_DOCUMENTATION_COMMENTS = YES;
				CLANG_WARN_EMPTY_BODY = YES;
				CLANG_WARN_ENUM_CONVERSION = YES;
				CLANG_WARN_INFINITE_RECURSION = YES;
				CLANG_WARN_INT_CONVERSION = YES;
				CLANG_WARN_NON_LITERAL_NULL_CONVERSION = YES;
				CLANG_WARN_OBJC_IMPLICIT_RETAIN_SELF = YES;
				CLANG_WARN_OBJC_LITERAL_CONVERSION = YES;
				CLANG_WARN_OBJC_ROOT_CLASS = YES_ERROR;
				CLANG_WARN_QUOTED_INCLUDE_IN_FRAMEWORK_HEADER = YES;
				CLANG_WARN_RANGE_LOOP_ANALYSIS = YES;
				CLANG_WARN_STRICT_PROTOTYPES = YES;
				CLANG_WARN_SUSPICIOUS_MOVE = YES;
				CLANG_WARN_UNGUARDED_AVAILABILITY = YES_AGGRESSIVE;
				CLANG_WARN_UNREACHABLE_CODE = YES;
				CLANG_WARN__DUPLICATE_METHOD_MATCH = YES;
				COPY_PHASE_STRIP = NO;
				DEBUG_INFORMATION_FORMAT = dwarf;
				ENABLE_STRICT_OBJC_MSGSEND = YES;
				ENABLE_TESTABILITY = YES;
				GCC_C_LANGUAGE_STANDARD = gnu11;
				GCC_DYNAMIC_NO_PIC = NO;
				GCC_NO_COMMON_BLOCKS = YES;
				GCC_OPTIMIZATION_LEVEL = 0;
				GCC_PREPROCESSOR_DEFINITIONS = (
					"DEBUG=1",
					"$(inherited)",
				);
				GCC_WARN_64_TO_32_BIT_CONVERSION = YES;
				GCC_WARN_ABOUT_RETURN_TYPE = YES_ERROR;
				GCC_WARN_UNDECLARED_SELECTOR = YES;
				GCC_WARN_UNINITIALIZED_AUTOS = YES_AGGRESSIVE;
				GCC_WARN_UNUSED_FUNCTION = YES;
				GCC_WARN_UNUSED_VARIABLE = YES;
				MTL_ENABLE_DEBUG_INFO = INCLUDE_SOURCE;
				MTL_FAST_MATH = YES;
				ONLY_ACTIVE_ARCH = YES;
				PRODUCT_NAME = "$(TARGET_NAME)";
				SWIFT_ACTIVE_COMPILATION_CONDITIONS = DEBUG;
				SWIFT_OPTIMIZATION_LEVEL = "-Onone";
				SWIFT_VERSION = 5.0;
			};
			name = Debug;
		};
/* End XCBuildConfiguration section */

/* Begin XCConfigurationList section */
		01BE6B370A437FC98D91FB5E /* Build configuration list for PBXProject "FastCatTV" */ = {
			isa = XCConfigurationList;
			buildConfigurations = (
				C4AF48734434BA615AEEEA4F /* Debug */,
				1C11B2259510B752A7BA8713 /* Release */,
			);
			defaultConfigurationIsVisible = 0;
			defaultConfigurationName = Release;
		};
		262B714616D5AD43E7C96EFB /* Build configuration list for PBXNativeTarget "PacketTunnel" */ = {
			isa = XCConfigurationList;
			buildConfigurations = (
				486C06C85AB1FCDC671853DA /* Release */,
				6FC1028F92FA89481242B433 /* Debug */,
			);
			defaultConfigurationIsVisible = 0;
			defaultConfigurationName = Release;
		};
		E1F46CF3CFB8EBDFDA2F4EC9 /* Build configuration list for PBXNativeTarget "FastCatTV" */ = {
			isa = XCConfigurationList;
			buildConfigurations = (
				44629103F8DCAF69839F9CA4 /* Release */,
				08D080066278BE6921ECD614 /* Debug */,
			);
			defaultConfigurationIsVisible = 0;
			defaultConfigurationName = Release;
		};
/* End XCConfigurationList section */
	};
	rootObject = 304972B0B5657C1AE691ABC8 /* Project object */;
}
