github.com/lib/pq v1.12.3 h1:tTWxr2YLKwIvK90ZXEw8GP7UFHtcbTtty8zsI+YjrfQ=
github.com/lib/pq v1.12.3/go.mod h1:/p+8NSbOcwzAEI7wiMXFlgydTwcgTr3OSKMsD2BitpA=
github.com/lionsoul2014/ip2region v2.11.2+incompatible h1:+VRsGcrHz8ewXI/2UzTptJlACsxD/p4xCxuql4u2nKU=
github.com/lionsoul2014/ip2region v2.11.2+incompatible/go.mod h1:+ZBN7PBoh5gG6/y0ZQ85vJDBe21WnfbRrQQwTfliJJI=
